// !$*UTF8*$!
{
	archiveVersion = 1;
	classes = {
	};
	objectVersion = 46;
	objects = {

/* Begin PBXBuildFile section */
		142BEB461F6696E8002B5D82 /* LNDataBaseManager.m in Sources */ = {isa = PBXBuildFile; fileRef = 142BEB451F6696E8002B5D82 /* LNDataBaseManager.m */; };
		14514FC41F66718D00440A2B /* AppDelegate.m in Sources */ = {isa = PBXBuildFile; fileRef = 14514FC31F66718D00440A2B /* AppDelegate.m */; };
		14514FC71F6671AB00440A2B /* LNStartViewController.m in Sources */ = {isa = PBXBuildFile; fileRef = 14514FC61F6671AA00440A2B /* LNStartViewController.m */; };
		14514FDA1F66805A00440A2B /* LNBaseViewController.m in Sources */ = {isa = PBXBuildFile; fileRef = 14514FD51F66805A00440A2B /* LNBaseViewController.m */; };
		14514FDB1F66805A00440A2B /* LNNavigationController.m in Sources */ = {isa = PBXBuildFile; fileRef = 14514FD71F66805A00440A2B /* LNNavigationController.m */; };
		14514FE71F6680F200440A2B /* LNHttpManager.m in Sources */ = {isa = PBXBuildFile; fileRef = 14514FE01F6680F200440A2B /* LNHttpManager.m */; };
		14514FE81F6680F200440A2B /* LNMBProgressHUD.m in Sources */ = {isa = PBXBuildFile; fileRef = 14514FE41F6680F200440A2B /* LNMBProgressHUD.m */; };
		14514FE91F6680F200440A2B /* MBManager.m in Sources */ = {isa = PBXBuildFile; fileRef = 14514FE61F6680F200440A2B /* MBManager.m */; };
		145150071F66855500440A2B /* LNGCDTestViewController.m in Sources */ = {isa = PBXBuildFile; fileRef = 14514FEF1F66855500440A2B /* LNGCDTestViewController.m */; };
		145150081F66855500440A2B /* CFunctionHander.m in Sources */ = {isa = PBXBuildFile; fileRef = 14514FF21F66855500440A2B /* CFunctionHander.m */; };
		145150091F66855500440A2B /* GCDHander.m in Sources */ = {isa = PBXBuildFile; fileRef = 14514FF41F66855500440A2B /* GCDHander.m */; };
		1451500A1F66855500440A2B /* OperationHander.m in Sources */ = {isa = PBXBuildFile; fileRef = 14514FF61F66855500440A2B /* OperationHander.m */; };
		1451500B1F66855500440A2B /* RunLoopHander.m in Sources */ = {isa = PBXBuildFile; fileRef = 14514FF81F66855500440A2B /* RunLoopHander.m */; };
		1451500C1F66855500440A2B /* LNNetLoadViewController.m in Sources */ = {isa = PBXBuildFile; fileRef = 14514FFD1F66855500440A2B /* LNNetLoadViewController.m */; };
		1451500D1F66855500440A2B /* LNRacTestViewController.m in Sources */ = {isa = PBXBuildFile; fileRef = 145150031F66855500440A2B /* LNRacTestViewController.m */; };
		145150111F66860100440A2B /* LNTabBarViewController.m in Sources */ = {isa = PBXBuildFile; fileRef = 145150101F66860100440A2B /* LNTabBarViewController.m */; };
		146752A21F933066009D4DB2 /* LPhotoLibiraryManager.m in Sources */ = {isa = PBXBuildFile; fileRef = 146752A11F933066009D4DB2 /* LPhotoLibiraryManager.m */; };
		146752A81F93376A009D4DB2 /* LBaseCollectionDelegateModel.m in Sources */ = {isa = PBXBuildFile; fileRef = 146752A41F93376A009D4DB2 /* LBaseCollectionDelegateModel.m */; };
		146752A91F93376A009D4DB2 /* LBaseTableDelegateModel.m in Sources */ = {isa = PBXBuildFile; fileRef = 146752A61F93376A009D4DB2 /* LBaseTableDelegateModel.m */; };
		146752B41F933865009D4DB2 /* LNAlbumListViewController.m in Sources */ = {isa = PBXBuildFile; fileRef = 146752B01F933865009D4DB2 /* LNAlbumListViewController.m */; };
		146752B71F9338E1009D4DB2 /* LAlbumListDelegateModel.m in Sources */ = {isa = PBXBuildFile; fileRef = 146752B61F9338E1009D4DB2 /* LAlbumListDelegateModel.m */; };
		146752BA1F933C9A009D4DB2 /* LAlbumViewModel.m in Sources */ = {isa = PBXBuildFile; fileRef = 146752B91F933C9A009D4DB2 /* LAlbumViewModel.m */; };
		14CEFD471F72C58D00778789 /* LNRacTestTwoViewController.m in Sources */ = {isa = PBXBuildFile; fileRef = 14CEFD461F72C58D00778789 /* LNRacTestTwoViewController.m */; };
		14CEFD4A1F72C5B300778789 /* LNRacTestTwoModel.m in Sources */ = {isa = PBXBuildFile; fileRef = 14CEFD491F72C5B300778789 /* LNRacTestTwoModel.m */; };
		14CEFD4D1F72CD0B00778789 /* LNDelegateModel.m in Sources */ = {isa = PBXBuildFile; fileRef = 14CEFD4C1F72CD0B00778789 /* LNDelegateModel.m */; };
		14CEFD841F78070F00778789 /* UINavigationController+DirectPop.m in Sources */ = {isa = PBXBuildFile; fileRef = 14CEFD831F78070F00778789 /* UINavigationController+DirectPop.m */; };
		14E293E21F93437900F72914 /* LAlubumListCell.m in Sources */ = {isa = PBXBuildFile; fileRef = 14E293E01F93437900F72914 /* LAlubumListCell.m */; };
		14E293E31F93437900F72914 /* LAlubumListCell.xib in Resources */ = {isa = PBXBuildFile; fileRef = 14E293E11F93437900F72914 /* LAlubumListCell.xib */; };
		14E293E61F93590A00F72914 /* LNPhotoSmartViewController.m in Sources */ = {isa = PBXBuildFile; fileRef = 14E293E51F93590A00F72914 /* LNPhotoSmartViewController.m */; };
		14E293E91F93593E00F72914 /* LPhotoSmartDelegateModel.m in Sources */ = {isa = PBXBuildFile; fileRef = 14E293E81F93593E00F72914 /* LPhotoSmartDelegateModel.m */; };
		14E293EC1F93595B00F72914 /* LPhotoSmartViewModel.m in Sources */ = {isa = PBXBuildFile; fileRef = 14E293EB1F93595B00F72914 /* LPhotoSmartViewModel.m */; };
		14E293F01F9359B300F72914 /* LPhotoSmartCell.m in Sources */ = {isa = PBXBuildFile; fileRef = 14E293EE1F9359B300F72914 /* LPhotoSmartCell.m */; };
		14E293F11F9359B300F72914 /* LPhotoSmartCell.xib in Resources */ = {isa = PBXBuildFile; fileRef = 14E293EF1F9359B300F72914 /* LPhotoSmartCell.xib */; };
		14E293F41F935EB900F72914 /* LAlbumListModel.m in Sources */ = {isa = PBXBuildFile; fileRef = 14E293F31F935EB900F72914 /* LAlbumListModel.m */; };
		14E293F71F935ECA00F72914 /* LPhotoSmartModel.m in Sources */ = {isa = PBXBuildFile; fileRef = 14E293F61F935ECA00F72914 /* LPhotoSmartModel.m */; };
		14E372681F2DD88300523A13 /* main.m in Sources */ = {isa = PBXBuildFile; fileRef = 14E372671F2DD88300523A13 /* main.m */; };
		14E372711F2DD88300523A13 /* Main.storyboard in Resources */ = {isa = PBXBuildFile; fileRef = 14E3726F1F2DD88300523A13 /* Main.storyboard */; };
		14E372741F2DD88300523A13 /* GCDDemo.xcdatamodeld in Sources */ = {isa = PBXBuildFile; fileRef = 14E372721F2DD88300523A13 /* GCDDemo.xcdatamodeld */; };
		14E372761F2DD88300523A13 /* Assets.xcassets in Resources */ = {isa = PBXBuildFile; fileRef = 14E372751F2DD88300523A13 /* Assets.xcassets */; };
		14E372791F2DD88300523A13 /* LaunchScreen.storyboard in Resources */ = {isa = PBXBuildFile; fileRef = 14E372771F2DD88300523A13 /* LaunchScreen.storyboard */; };
		14E372841F2DD88300523A13 /* GCDDemoUITests.m in Sources */ = {isa = PBXBuildFile; fileRef = 14E372831F2DD88300523A13 /* GCDDemoUITests.m */; };
		14EEDEB71F962EAA00BE3DB5 /* LNPhotoPreviewViewController.m in Sources */ = {isa = PBXBuildFile; fileRef = 14EEDEB61F962EAA00BE3DB5 /* LNPhotoPreviewViewController.m */; };
		14EEDEBA1F962EE900BE3DB5 /* LNPhotoPreviewDelegateModel.m in Sources */ = {isa = PBXBuildFile; fileRef = 14EEDEB91F962EE900BE3DB5 /* LNPhotoPreviewDelegateModel.m */; };
		14EEDEBE1F962F5300BE3DB5 /* LNPhotoPreviewBigCell.m in Sources */ = {isa = PBXBuildFile; fileRef = 14EEDEBC1F962F5300BE3DB5 /* LNPhotoPreviewBigCell.m */; };
		14EEDEBF1F962F5300BE3DB5 /* LNPhotoPreviewBigCell.xib in Resources */ = {isa = PBXBuildFile; fileRef = 14EEDEBD1F962F5300BE3DB5 /* LNPhotoPreviewBigCell.xib */; };
		14EEDEC21F96382000BE3DB5 /* LNPhotoPreviewModel.m in Sources */ = {isa = PBXBuildFile; fileRef = 14EEDEC11F96382000BE3DB5 /* LNPhotoPreviewModel.m */; };
		4F64AD47C657A2B4AFD63C10 /* Pods_GCDDemo.framework in Frameworks */ = {isa = PBXBuildFile; fileRef = 495B6BE281BEE6213D94100F /* Pods_GCDDemo.framework */; };
		D7E8F2FD204287EE003A2503 /* LKAuthorizationModel.m in Sources */ = {isa = PBXBuildFile; fileRef = D7E8F2FC204287EE003A2503 /* LKAuthorizationModel.m */; };
/* End PBXBuildFile section */

/* Begin PBXContainerItemProxy section */
		14E372801F2DD88300523A13 /* PBXContainerItemProxy */ = {
			isa = PBXContainerItemProxy;
			containerPortal = 14E3725B1F2DD88300523A13 /* Project object */;
			proxyType = 1;
			remoteGlobalIDString = 14E372621F2DD88300523A13;
			remoteInfo = GCDDemo;
		};
/* End PBXContainerItemProxy section */

/* Begin PBXFileReference section */
		142BEB441F6696E8002B5D82 /* LNDataBaseManager.h */ = {isa = PBXFileReference; fileEncoding = 4; lastKnownFileType = sourcecode.c.h; path = LNDataBaseManager.h; sourceTree = "<group>"; };
		142BEB451F6696E8002B5D82 /* LNDataBaseManager.m */ = {isa = PBXFileReference; fileEncoding = 4; lastKnownFileType = sourcecode.c.objc; path = LNDataBaseManager.m; sourceTree = "<group>"; };
		14514FC21F66718D00440A2B /* AppDelegate.h */ = {isa = PBXFileReference; fileEncoding = 4; lastKnownFileType = sourcecode.c.h; path = AppDelegate.h; sourceTree = "<group>"; };
		14514FC31F66718D00440A2B /* AppDelegate.m */ = {isa = PBXFileReference; fileEncoding = 4; lastKnownFileType = sourcecode.c.objc; path = AppDelegate.m; sourceTree = "<group>"; };
		14514FC51F6671AA00440A2B /* LNStartViewController.h */ = {isa = PBXFileReference; fileEncoding = 4; lastKnownFileType = sourcecode.c.h; path = LNStartViewController.h; sourceTree = "<group>"; };
		14514FC61F6671AA00440A2B /* LNStartViewController.m */ = {isa = PBXFileReference; fileEncoding = 4; lastKnownFileType = sourcecode.c.objc; path = LNStartViewController.m; sourceTree = "<group>"; };
		14514FD41F66805A00440A2B /* LNBaseViewController.h */ = {isa = PBXFileReference; fileEncoding = 4; lastKnownFileType = sourcecode.c.h; path = LNBaseViewController.h; sourceTree = "<group>"; };
		14514FD51F66805A00440A2B /* LNBaseViewController.m */ = {isa = PBXFileReference; fileEncoding = 4; lastKnownFileType = sourcecode.c.objc; path = LNBaseViewController.m; sourceTree = "<group>"; };
		14514FD61F66805A00440A2B /* LNNavigationController.h */ = {isa = PBXFileReference; fileEncoding = 4; lastKnownFileType = sourcecode.c.h; path = LNNavigationController.h; sourceTree = "<group>"; };
		14514FD71F66805A00440A2B /* LNNavigationController.m */ = {isa = PBXFileReference; fileEncoding = 4; lastKnownFileType = sourcecode.c.objc; path = LNNavigationController.m; sourceTree = "<group>"; };
		14514FDF1F6680F200440A2B /* LNHttpManager.h */ = {isa = PBXFileReference; fileEncoding = 4; lastKnownFileType = sourcecode.c.h; path = LNHttpManager.h; sourceTree = "<group>"; };
		14514FE01F6680F200440A2B /* LNHttpManager.m */ = {isa = PBXFileReference; fileEncoding = 4; lastKnownFileType = sourcecode.c.objc; path = LNHttpManager.m; sourceTree = "<group>"; };
		14514FE31F6680F200440A2B /* LNMBProgressHUD.h */ = {isa = PBXFileReference; fileEncoding = 4; lastKnownFileType = sourcecode.c.h; path = LNMBProgressHUD.h; sourceTree = "<group>"; };
		14514FE41F6680F200440A2B /* LNMBProgressHUD.m */ = {isa = PBXFileReference; fileEncoding = 4; lastKnownFileType = sourcecode.c.objc; path = LNMBProgressHUD.m; sourceTree = "<group>"; };
		14514FE51F6680F200440A2B /* MBManager.h */ = {isa = PBXFileReference; fileEncoding = 4; lastKnownFileType = sourcecode.c.h; path = MBManager.h; sourceTree = "<group>"; };
		14514FE61F6680F200440A2B /* MBManager.m */ = {isa = PBXFileReference; fileEncoding = 4; lastKnownFileType = sourcecode.c.objc; path = MBManager.m; sourceTree = "<group>"; };
		14514FEE1F66855500440A2B /* LNGCDTestViewController.h */ = {isa = PBXFileReference; fileEncoding = 4; lastKnownFileType = sourcecode.c.h; path = LNGCDTestViewController.h; sourceTree = "<group>"; };
		14514FEF1F66855500440A2B /* LNGCDTestViewController.m */ = {isa = PBXFileReference; fileEncoding = 4; lastKnownFileType = sourcecode.c.objc; path = LNGCDTestViewController.m; sourceTree = "<group>"; };
		14514FF11F66855500440A2B /* CFunctionHander.h */ = {isa = PBXFileReference; fileEncoding = 4; lastKnownFileType = sourcecode.c.h; path = CFunctionHander.h; sourceTree = "<group>"; };
		14514FF21F66855500440A2B /* CFunctionHander.m */ = {isa = PBXFileReference; fileEncoding = 4; lastKnownFileType = sourcecode.c.objc; path = CFunctionHander.m; sourceTree = "<group>"; };
		14514FF31F66855500440A2B /* GCDHander.h */ = {isa = PBXFileReference; fileEncoding = 4; lastKnownFileType = sourcecode.c.h; path = GCDHander.h; sourceTree = "<group>"; };
		14514FF41F66855500440A2B /* GCDHander.m */ = {isa = PBXFileReference; fileEncoding = 4; lastKnownFileType = sourcecode.c.objc; path = GCDHander.m; sourceTree = "<group>"; };
		14514FF51F66855500440A2B /* OperationHander.h */ = {isa = PBXFileReference; fileEncoding = 4; lastKnownFileType = sourcecode.c.h; path = OperationHander.h; sourceTree = "<group>"; };
		14514FF61F66855500440A2B /* OperationHander.m */ = {isa = PBXFileReference; fileEncoding = 4; lastKnownFileType = sourcecode.c.objc; path = OperationHander.m; sourceTree = "<group>"; };
		14514FF71F66855500440A2B /* RunLoopHander.h */ = {isa = PBXFileReference; fileEncoding = 4; lastKnownFileType = sourcecode.c.h; path = RunLoopHander.h; sourceTree = "<group>"; };
		14514FF81F66855500440A2B /* RunLoopHander.m */ = {isa = PBXFileReference; fileEncoding = 4; lastKnownFileType = sourcecode.c.objc; path = RunLoopHander.m; sourceTree = "<group>"; };
		14514FFC1F66855500440A2B /* LNNetLoadViewController.h */ = {isa = PBXFileReference; fileEncoding = 4; lastKnownFileType = sourcecode.c.h; path = LNNetLoadViewController.h; sourceTree = "<group>"; };
		14514FFD1F66855500440A2B /* LNNetLoadViewController.m */ = {isa = PBXFileReference; fileEncoding = 4; lastKnownFileType = sourcecode.c.objc; path = LNNetLoadViewController.m; sourceTree = "<group>"; };
		145150021F66855500440A2B /* LNRacTestViewController.h */ = {isa = PBXFileReference; fileEncoding = 4; lastKnownFileType = sourcecode.c.h; path = LNRacTestViewController.h; sourceTree = "<group>"; };
		145150031F66855500440A2B /* LNRacTestViewController.m */ = {isa = PBXFileReference; fileEncoding = 4; lastKnownFileType = sourcecode.c.objc; path = LNRacTestViewController.m; sourceTree = "<group>"; };
		1451500F1F66860100440A2B /* LNTabBarViewController.h */ = {isa = PBXFileReference; fileEncoding = 4; lastKnownFileType = sourcecode.c.h; path = LNTabBarViewController.h; sourceTree = "<group>"; };
		145150101F66860100440A2B /* LNTabBarViewController.m */ = {isa = PBXFileReference; fileEncoding = 4; lastKnownFileType = sourcecode.c.objc; path = LNTabBarViewController.m; sourceTree = "<group>"; };
		146752A01F933066009D4DB2 /* LPhotoLibiraryManager.h */ = {isa = PBXFileReference; fileEncoding = 4; lastKnownFileType = sourcecode.c.h; path = LPhotoLibiraryManager.h; sourceTree = "<group>"; };
		146752A11F933066009D4DB2 /* LPhotoLibiraryManager.m */ = {isa = PBXFileReference; fileEncoding = 4; lastKnownFileType = sourcecode.c.objc; path = LPhotoLibiraryManager.m; sourceTree = "<group>"; };
		146752A31F93376A009D4DB2 /* LBaseCollectionDelegateModel.h */ = {isa = PBXFileReference; fileEncoding = 4; lastKnownFileType = sourcecode.c.h; path = LBaseCollectionDelegateModel.h; sourceTree = "<group>"; };
		146752A41F93376A009D4DB2 /* LBaseCollectionDelegateModel.m */ = {isa = PBXFileReference; fileEncoding = 4; lastKnownFileType = sourcecode.c.objc; path = LBaseCollectionDelegateModel.m; sourceTree = "<group>"; };
		146752A51F93376A009D4DB2 /* LBaseTableDelegateModel.h */ = {isa = PBXFileReference; fileEncoding = 4; lastKnownFileType = sourcecode.c.h; path = LBaseTableDelegateModel.h; sourceTree = "<group>"; };
		146752A61F93376A009D4DB2 /* LBaseTableDelegateModel.m */ = {isa = PBXFileReference; fileEncoding = 4; lastKnownFileType = sourcecode.c.objc; path = LBaseTableDelegateModel.m; sourceTree = "<group>"; };
		146752A71F93376A009D4DB2 /* LCellConfigDelegate.h */ = {isa = PBXFileReference; fileEncoding = 4; lastKnownFileType = sourcecode.c.h; path = LCellConfigDelegate.h; sourceTree = "<group>"; };
		146752AF1F933865009D4DB2 /* LNAlbumListViewController.h */ = {isa = PBXFileReference; fileEncoding = 4; lastKnownFileType = sourcecode.c.h; path = LNAlbumListViewController.h; sourceTree = "<group>"; };
		146752B01F933865009D4DB2 /* LNAlbumListViewController.m */ = {isa = PBXFileReference; fileEncoding = 4; lastKnownFileType = sourcecode.c.objc; path = LNAlbumListViewController.m; sourceTree = "<group>"; };
		146752B51F9338E1009D4DB2 /* LAlbumListDelegateModel.h */ = {isa = PBXFileReference; fileEncoding = 4; lastKnownFileType = sourcecode.c.h; path = LAlbumListDelegateModel.h; sourceTree = "<group>"; };
		146752B61F9338E1009D4DB2 /* LAlbumListDelegateModel.m */ = {isa = PBXFileReference; fileEncoding = 4; lastKnownFileType = sourcecode.c.objc; path = LAlbumListDelegateModel.m; sourceTree = "<group>"; };
		146752B81F933C9A009D4DB2 /* LAlbumViewModel.h */ = {isa = PBXFileReference; fileEncoding = 4; lastKnownFileType = sourcecode.c.h; path = LAlbumViewModel.h; sourceTree = "<group>"; };
		146752B91F933C9A009D4DB2 /* LAlbumViewModel.m */ = {isa = PBXFileReference; fileEncoding = 4; lastKnownFileType = sourcecode.c.objc; path = LAlbumViewModel.m; sourceTree = "<group>"; };
		14CEFD451F72C58D00778789 /* LNRacTestTwoViewController.h */ = {isa = PBXFileReference; fileEncoding = 4; lastKnownFileType = sourcecode.c.h; path = LNRacTestTwoViewController.h; sourceTree = "<group>"; };
		14CEFD461F72C58D00778789 /* LNRacTestTwoViewController.m */ = {isa = PBXFileReference; fileEncoding = 4; lastKnownFileType = sourcecode.c.objc; path = LNRacTestTwoViewController.m; sourceTree = "<group>"; };
		14CEFD481F72C5B300778789 /* LNRacTestTwoModel.h */ = {isa = PBXFileReference; fileEncoding = 4; lastKnownFileType = sourcecode.c.h; path = LNRacTestTwoModel.h; sourceTree = "<group>"; };
		14CEFD491F72C5B300778789 /* LNRacTestTwoModel.m */ = {isa = PBXFileReference; fileEncoding = 4; lastKnownFileType = sourcecode.c.objc; path = LNRacTestTwoModel.m; sourceTree = "<group>"; };
		14CEFD4B1F72CD0B00778789 /* LNDelegateModel.h */ = {isa = PBXFileReference; fileEncoding = 4; lastKnownFileType = sourcecode.c.h; path = LNDelegateModel.h; sourceTree = "<group>"; };
		14CEFD4C1F72CD0B00778789 /* LNDelegateModel.m */ = {isa = PBXFileReference; fileEncoding = 4; lastKnownFileType = sourcecode.c.objc; path = LNDelegateModel.m; sourceTree = "<group>"; };
		14CEFD821F78070F00778789 /* UINavigationController+DirectPop.h */ = {isa = PBXFileReference; fileEncoding = 4; lastKnownFileType = sourcecode.c.h; path = "UINavigationController+DirectPop.h"; sourceTree = "<group>"; };
		14CEFD831F78070F00778789 /* UINavigationController+DirectPop.m */ = {isa = PBXFileReference; fileEncoding = 4; lastKnownFileType = sourcecode.c.objc; path = "UINavigationController+DirectPop.m"; sourceTree = "<group>"; };
		14E293DF1F93431100F72914 /* LAlubumListCell.h */ = {isa = PBXFileReference; fileEncoding = 4; lastKnownFileType = sourcecode.c.h; path = LAlubumListCell.h; sourceTree = "<group>"; };
		14E293E01F93437900F72914 /* LAlubumListCell.m */ = {isa = PBXFileReference; fileEncoding = 4; lastKnownFileType = sourcecode.c.objc; path = LAlubumListCell.m; sourceTree = "<group>"; };
		14E293E11F93437900F72914 /* LAlubumListCell.xib */ = {isa = PBXFileReference; fileEncoding = 4; lastKnownFileType = file.xib; path = LAlubumListCell.xib; sourceTree = "<group>"; };
		14E293E41F93590A00F72914 /* LNPhotoSmartViewController.h */ = {isa = PBXFileReference; fileEncoding = 4; lastKnownFileType = sourcecode.c.h; path = LNPhotoSmartViewController.h; sourceTree = "<group>"; };
		14E293E51F93590A00F72914 /* LNPhotoSmartViewController.m */ = {isa = PBXFileReference; fileEncoding = 4; lastKnownFileType = sourcecode.c.objc; path = LNPhotoSmartViewController.m; sourceTree = "<group>"; };
		14E293E71F93593E00F72914 /* LPhotoSmartDelegateModel.h */ = {isa = PBXFileReference; fileEncoding = 4; lastKnownFileType = sourcecode.c.h; path = LPhotoSmartDelegateModel.h; sourceTree = "<group>"; };
		14E293E81F93593E00F72914 /* LPhotoSmartDelegateModel.m */ = {isa = PBXFileReference; fileEncoding = 4; lastKnownFileType = sourcecode.c.objc; path = LPhotoSmartDelegateModel.m; sourceTree = "<group>"; };
		14E293EA1F93595B00F72914 /* LPhotoSmartViewModel.h */ = {isa = PBXFileReference; fileEncoding = 4; lastKnownFileType = sourcecode.c.h; path = LPhotoSmartViewModel.h; sourceTree = "<group>"; };
		14E293EB1F93595B00F72914 /* LPhotoSmartViewModel.m */ = {isa = PBXFileReference; fileEncoding = 4; lastKnownFileType = sourcecode.c.objc; path = LPhotoSmartViewModel.m; sourceTree = "<group>"; };
		14E293ED1F9359B300F72914 /* LPhotoSmartCell.h */ = {isa = PBXFileReference; fileEncoding = 4; lastKnownFileType = sourcecode.c.h; path = LPhotoSmartCell.h; sourceTree = "<group>"; };
		14E293EE1F9359B300F72914 /* LPhotoSmartCell.m */ = {isa = PBXFileReference; fileEncoding = 4; lastKnownFileType = sourcecode.c.objc; path = LPhotoSmartCell.m; sourceTree = "<group>"; };
		14E293EF1F9359B300F72914 /* LPhotoSmartCell.xib */ = {isa = PBXFileReference; fileEncoding = 4; lastKnownFileType = file.xib; path = LPhotoSmartCell.xib; sourceTree = "<group>"; };
		14E293F21F935EB900F72914 /* LAlbumListModel.h */ = {isa = PBXFileReference; fileEncoding = 4; lastKnownFileType = sourcecode.c.h; path = LAlbumListModel.h; sourceTree = "<group>"; };
		14E293F31F935EB900F72914 /* LAlbumListModel.m */ = {isa = PBXFileReference; fileEncoding = 4; lastKnownFileType = sourcecode.c.objc; path = LAlbumListModel.m; sourceTree = "<group>"; };
		14E293F51F935ECA00F72914 /* LPhotoSmartModel.h */ = {isa = PBXFileReference; fileEncoding = 4; lastKnownFileType = sourcecode.c.h; path = LPhotoSmartModel.h; sourceTree = "<group>"; };
		14E293F61F935ECA00F72914 /* LPhotoSmartModel.m */ = {isa = PBXFileReference; fileEncoding = 4; lastKnownFileType = sourcecode.c.objc; path = LPhotoSmartModel.m; sourceTree = "<group>"; };
		14E372631F2DD88300523A13 /* GCDDemo.app */ = {isa = PBXFileReference; explicitFileType = wrapper.application; includeInIndex = 0; path = GCDDemo.app; sourceTree = BUILT_PRODUCTS_DIR; };
		14E372671F2DD88300523A13 /* main.m */ = {isa = PBXFileReference; lastKnownFileType = sourcecode.c.objc; path = main.m; sourceTree = "<group>"; };
		14E372701F2DD88300523A13 /* Base */ = {isa = PBXFileReference; lastKnownFileType = file.storyboard; name = Base; path = Base.lproj/Main.storyboard; sourceTree = "<group>"; };
		14E372731F2DD88300523A13 /* GCDDemo.xcdatamodel */ = {isa = PBXFileReference; lastKnownFileType = wrapper.xcdatamodel; path = GCDDemo.xcdatamodel; sourceTree = "<group>"; };
		14E372751F2DD88300523A13 /* Assets.xcassets */ = {isa = PBXFileReference; lastKnownFileType = folder.assetcatalog; path = Assets.xcassets; sourceTree = "<group>"; };
		14E372781F2DD88300523A13 /* Base */ = {isa = PBXFileReference; lastKnownFileType = file.storyboard; name = Base; path = Base.lproj/LaunchScreen.storyboard; sourceTree = "<group>"; };
		14E3727A1F2DD88300523A13 /* Info.plist */ = {isa = PBXFileReference; lastKnownFileType = text.plist.xml; path = Info.plist; sourceTree = "<group>"; };
		14E3727F1F2DD88300523A13 /* GCDDemoUITests.xctest */ = {isa = PBXFileReference; explicitFileType = wrapper.cfbundle; includeInIndex = 0; path = GCDDemoUITests.xctest; sourceTree = BUILT_PRODUCTS_DIR; };
		14E372831F2DD88300523A13 /* GCDDemoUITests.m */ = {isa = PBXFileReference; lastKnownFileType = sourcecode.c.objc; path = GCDDemoUITests.m; sourceTree = "<group>"; };
		14E372851F2DD88300523A13 /* Info.plist */ = {isa = PBXFileReference; lastKnownFileType = text.plist.xml; path = Info.plist; sourceTree = "<group>"; };
		14E3728E1F2E07A100523A13 /* GCDDemo-Prefix.pch */ = {isa = PBXFileReference; fileEncoding = 4; lastKnownFileType = sourcecode.c.h; path = "GCDDemo-Prefix.pch"; sourceTree = "<group>"; };
		14E372961F31E06A00523A13 /* GCDDemoHeader.h */ = {isa = PBXFileReference; lastKnownFileType = sourcecode.c.h; path = GCDDemoHeader.h; sourceTree = "<group>"; };
		14EEDEB51F962EAA00BE3DB5 /* LNPhotoPreviewViewController.h */ = {isa = PBXFileReference; fileEncoding = 4; lastKnownFileType = sourcecode.c.h; path = LNPhotoPreviewViewController.h; sourceTree = "<group>"; };
		14EEDEB61F962EAA00BE3DB5 /* LNPhotoPreviewViewController.m */ = {isa = PBXFileReference; fileEncoding = 4; lastKnownFileType = sourcecode.c.objc; path = LNPhotoPreviewViewController.m; sourceTree = "<group>"; };
		14EEDEB81F962EE900BE3DB5 /* LNPhotoPreviewDelegateModel.h */ = {isa = PBXFileReference; fileEncoding = 4; lastKnownFileType = sourcecode.c.h; path = LNPhotoPreviewDelegateModel.h; sourceTree = "<group>"; };
		14EEDEB91F962EE900BE3DB5 /* LNPhotoPreviewDelegateModel.m */ = {isa = PBXFileReference; fileEncoding = 4; lastKnownFileType = sourcecode.c.objc; path = LNPhotoPreviewDelegateModel.m; sourceTree = "<group>"; };
		14EEDEBB1F962F5300BE3DB5 /* LNPhotoPreviewBigCell.h */ = {isa = PBXFileReference; fileEncoding = 4; lastKnownFileType = sourcecode.c.h; path = LNPhotoPreviewBigCell.h; sourceTree = "<group>"; };
		14EEDEBC1F962F5300BE3DB5 /* LNPhotoPreviewBigCell.m */ = {isa = PBXFileReference; fileEncoding = 4; lastKnownFileType = sourcecode.c.objc; path = LNPhotoPreviewBigCell.m; sourceTree = "<group>"; };
		14EEDEBD1F962F5300BE3DB5 /* LNPhotoPreviewBigCell.xib */ = {isa = PBXFileReference; fileEncoding = 4; lastKnownFileType = file.xib; path = LNPhotoPreviewBigCell.xib; sourceTree = "<group>"; };
		14EEDEC01F96382000BE3DB5 /* LNPhotoPreviewModel.h */ = {isa = PBXFileReference; fileEncoding = 4; lastKnownFileType = sourcecode.c.h; path = LNPhotoPreviewModel.h; sourceTree = "<group>"; };
		14EEDEC11F96382000BE3DB5 /* LNPhotoPreviewModel.m */ = {isa = PBXFileReference; fileEncoding = 4; lastKnownFileType = sourcecode.c.objc; path = LNPhotoPreviewModel.m; sourceTree = "<group>"; };
		495B6BE281BEE6213D94100F /* Pods_GCDDemo.framework */ = {isa = PBXFileReference; explicitFileType = wrapper.framework; includeInIndex = 0; path = Pods_GCDDemo.framework; sourceTree = BUILT_PRODUCTS_DIR; };
		5BE4ECFC6EADCE4C87536C0C /* Pods-GCDDemo.release.xcconfig */ = {isa = PBXFileReference; includeInIndex = 1; lastKnownFileType = text.xcconfig; name = "Pods-GCDDemo.release.xcconfig"; path = "Pods/Target Support Files/Pods-GCDDemo/Pods-GCDDemo.release.xcconfig"; sourceTree = "<group>"; };
		C24737FB9D93121B7446DE97 /* Pods-GCDDemo.debug.xcconfig */ = {isa = PBXFileReference; includeInIndex = 1; lastKnownFileType = text.xcconfig; name = "Pods-GCDDemo.debug.xcconfig"; path = "Pods/Target Support Files/Pods-GCDDemo/Pods-GCDDemo.debug.xcconfig"; sourceTree = "<group>"; };
		D7E8F2FB204287EE003A2503 /* LKAuthorizationModel.h */ = {isa = PBXFileReference; fileEncoding = 4; lastKnownFileType = sourcecode.c.h; path = LKAuthorizationModel.h; sourceTree = "<group>"; };
		D7E8F2FC204287EE003A2503 /* LKAuthorizationModel.m */ = {isa = PBXFileReference; fileEncoding = 4; lastKnownFileType = sourcecode.c.objc; path = LKAuthorizationModel.m; sourceTree = "<group>"; };
/* End PBXFileReference section */

/* Begin PBXFrameworksBuildPhase section */
		14E372601F2DD88300523A13 /* Frameworks */ = {
			isa = PBXFrameworksBuildPhase;
			buildActionMask = 2147483647;
			files = (
				4F64AD47C657A2B4AFD63C10 /* Pods_GCDDemo.framework in Frameworks */,
			);
			runOnlyForDeploymentPostprocessing = 0;
		};
		14E3727C1F2DD88300523A13 /* Frameworks */ = {
			isa = PBXFrameworksBuildPhase;
			buildActionMask = 2147483647;
			files = (
			);
			runOnlyForDeploymentPostprocessing = 0;
		};
/* End PBXFrameworksBuildPhase section */

/* Begin PBXGroup section */
		14514FC11F66718D00440A2B /* Start */ = {
			isa = PBXGroup;
			children = (
				14514FC21F66718D00440A2B /* AppDelegate.h */,
				14514FC31F66718D00440A2B /* AppDelegate.m */,
				14514FC51F6671AA00440A2B /* LNStartViewController.h */,
				14514FC61F6671AA00440A2B /* LNStartViewController.m */,
			);
			path = Start;
			sourceTree = "<group>";
		};
		14514FD21F66805A00440A2B /* BaseClass */ = {
			isa = PBXGroup;
			children = (
				14514FD31F66805A00440A2B /* controller */,
				14514FD81F66805A00440A2B /* model */,
				14514FD91F66805A00440A2B /* view */,
			);
			path = BaseClass;
			sourceTree = "<group>";
		};
		14514FD31F66805A00440A2B /* controller */ = {
			isa = PBXGroup;
			children = (
				14514FD41F66805A00440A2B /* LNBaseViewController.h */,
				14514FD51F66805A00440A2B /* LNBaseViewController.m */,
				14514FD61F66805A00440A2B /* LNNavigationController.h */,
				14514FD71F66805A00440A2B /* LNNavigationController.m */,
				1451500F1F66860100440A2B /* LNTabBarViewController.h */,
				145150101F66860100440A2B /* LNTabBarViewController.m */,
			);
			path = controller;
			sourceTree = "<group>";
		};
		14514FD81F66805A00440A2B /* model */ = {
			isa = PBXGroup;
			children = (
				146752A31F93376A009D4DB2 /* LBaseCollectionDelegateModel.h */,
				146752A41F93376A009D4DB2 /* LBaseCollectionDelegateModel.m */,
				146752A51F93376A009D4DB2 /* LBaseTableDelegateModel.h */,
				146752A61F93376A009D4DB2 /* LBaseTableDelegateModel.m */,
				146752A71F93376A009D4DB2 /* LCellConfigDelegate.h */,
			);
			path = model;
			sourceTree = "<group>";
		};
		14514FD91F66805A00440A2B /* view */ = {
			isa = PBXGroup;
			children = (
			);
			path = view;
			sourceTree = "<group>";
		};
		14514FDE1F6680F200440A2B /* NetWork */ = {
			isa = PBXGroup;
			children = (
				14514FDF1F6680F200440A2B /* LNHttpManager.h */,
				14514FE01F6680F200440A2B /* LNHttpManager.m */,
			);
			path = NetWork;
			sourceTree = "<group>";
		};
		14514FE11F6680F200440A2B /* Other */ = {
			isa = PBXGroup;
			children = (
				D7E8F2FA204287EE003A2503 /* Tool */,
				14514FE21F6680F200440A2B /* MB */,
			);
			path = Other;
			sourceTree = "<group>";
		};
		14514FE21F6680F200440A2B /* MB */ = {
			isa = PBXGroup;
			children = (
				14514FE31F6680F200440A2B /* LNMBProgressHUD.h */,
				14514FE41F6680F200440A2B /* LNMBProgressHUD.m */,
				14514FE51F6680F200440A2B /* MBManager.h */,
				14514FE61F6680F200440A2B /* MBManager.m */,
			);
			path = MB;
			sourceTree = "<group>";
		};
		14514FEB1F66855500440A2B /* Business */ = {
			isa = PBXGroup;
			children = (
				146752AA1F9337C9009D4DB2 /* Photo */,
				14514FEC1F66855500440A2B /* GCDTest */,
				14514FFA1F66855500440A2B /* NetWorkLoading */,
				145150001F66855500440A2B /* RAC */,
			);
			path = Business;
			sourceTree = "<group>";
		};
		14514FEC1F66855500440A2B /* GCDTest */ = {
			isa = PBXGroup;
			children = (
				14514FED1F66855500440A2B /* controller */,
				14514FF01F66855500440A2B /* model */,
				14514FF91F66855500440A2B /* view */,
			);
			path = GCDTest;
			sourceTree = "<group>";
		};
		14514FED1F66855500440A2B /* controller */ = {
			isa = PBXGroup;
			children = (
				14514FEE1F66855500440A2B /* LNGCDTestViewController.h */,
				14514FEF1F66855500440A2B /* LNGCDTestViewController.m */,
			);
			path = controller;
			sourceTree = "<group>";
		};
		14514FF01F66855500440A2B /* model */ = {
			isa = PBXGroup;
			children = (
				14514FF11F66855500440A2B /* CFunctionHander.h */,
				14514FF21F66855500440A2B /* CFunctionHander.m */,
				14514FF31F66855500440A2B /* GCDHander.h */,
				14514FF41F66855500440A2B /* GCDHander.m */,
				14514FF51F66855500440A2B /* OperationHander.h */,
				14514FF61F66855500440A2B /* OperationHander.m */,
				14514FF71F66855500440A2B /* RunLoopHander.h */,
				14514FF81F66855500440A2B /* RunLoopHander.m */,
			);
			path = model;
			sourceTree = "<group>";
		};
		14514FF91F66855500440A2B /* view */ = {
			isa = PBXGroup;
			children = (
			);
			path = view;
			sourceTree = "<group>";
		};
		14514FFA1F66855500440A2B /* NetWorkLoading */ = {
			isa = PBXGroup;
			children = (
				14514FFB1F66855500440A2B /* Controller */,
				14514FFE1F66855500440A2B /* model */,
				14514FFF1F66855500440A2B /* view */,
			);
			path = NetWorkLoading;
			sourceTree = "<group>";
		};
		14514FFB1F66855500440A2B /* Controller */ = {
			isa = PBXGroup;
			children = (
				14514FFC1F66855500440A2B /* LNNetLoadViewController.h */,
				14514FFD1F66855500440A2B /* LNNetLoadViewController.m */,
			);
			path = Controller;
			sourceTree = "<group>";
		};
		14514FFE1F66855500440A2B /* model */ = {
			isa = PBXGroup;
			children = (
			);
			path = model;
			sourceTree = "<group>";
		};
		14514FFF1F66855500440A2B /* view */ = {
			isa = PBXGroup;
			children = (
			);
			path = view;
			sourceTree = "<group>";
		};
		145150001F66855500440A2B /* RAC */ = {
			isa = PBXGroup;
			children = (
				145150011F66855500440A2B /* controller */,
				145150041F66855500440A2B /* model */,
				145150051F66855500440A2B /* view */,
				145150061F66855500440A2B /* viewModel */,
			);
			path = RAC;
			sourceTree = "<group>";
		};
		145150011F66855500440A2B /* controller */ = {
			isa = PBXGroup;
			children = (
				145150021F66855500440A2B /* LNRacTestViewController.h */,
				145150031F66855500440A2B /* LNRacTestViewController.m */,
				14CEFD451F72C58D00778789 /* LNRacTestTwoViewController.h */,
				14CEFD461F72C58D00778789 /* LNRacTestTwoViewController.m */,
			);
			path = controller;
			sourceTree = "<group>";
		};
		145150041F66855500440A2B /* model */ = {
			isa = PBXGroup;
			children = (
			);
			path = model;
			sourceTree = "<group>";
		};
		145150051F66855500440A2B /* view */ = {
			isa = PBXGroup;
			children = (
			);
			path = view;
			sourceTree = "<group>";
		};
		145150061F66855500440A2B /* viewModel */ = {
			isa = PBXGroup;
			children = (
				14CEFD481F72C5B300778789 /* LNRacTestTwoModel.h */,
				14CEFD491F72C5B300778789 /* LNRacTestTwoModel.m */,
				14CEFD4B1F72CD0B00778789 /* LNDelegateModel.h */,
				14CEFD4C1F72CD0B00778789 /* LNDelegateModel.m */,
			);
			path = viewModel;
			sourceTree = "<group>";
		};
		1451500E1F66857B00440A2B /* Category */ = {
			isa = PBXGroup;
			children = (
				14CEFD821F78070F00778789 /* UINavigationController+DirectPop.h */,
				14CEFD831F78070F00778789 /* UINavigationController+DirectPop.m */,
			);
			path = Category;
			sourceTree = "<group>";
		};
		145150121F66966900440A2B /* DataBase */ = {
			isa = PBXGroup;
			children = (
				142BEB441F6696E8002B5D82 /* LNDataBaseManager.h */,
				142BEB451F6696E8002B5D82 /* LNDataBaseManager.m */,
			);
			path = DataBase;
			sourceTree = "<group>";
		};
		1467529F1F933044009D4DB2 /* PhotoLibrary */ = {
			isa = PBXGroup;
			children = (
				146752A01F933066009D4DB2 /* LPhotoLibiraryManager.h */,
				146752A11F933066009D4DB2 /* LPhotoLibiraryManager.m */,
			);
			path = PhotoLibrary;
			sourceTree = "<group>";
		};
		146752AA1F9337C9009D4DB2 /* Photo */ = {
			isa = PBXGroup;
			children = (
				146752AE1F933865009D4DB2 /* controller */,
				146752B11F933865009D4DB2 /* model */,
				146752B21F933865009D4DB2 /* view */,
				146752B31F933865009D4DB2 /* viewModel */,
			);
			path = Photo;
			sourceTree = "<group>";
		};
		146752AE1F933865009D4DB2 /* controller */ = {
			isa = PBXGroup;
			children = (
				146752AF1F933865009D4DB2 /* LNAlbumListViewController.h */,
				146752B01F933865009D4DB2 /* LNAlbumListViewController.m */,
				14E293E41F93590A00F72914 /* LNPhotoSmartViewController.h */,
				14E293E51F93590A00F72914 /* LNPhotoSmartViewController.m */,
				14EEDEB51F962EAA00BE3DB5 /* LNPhotoPreviewViewController.h */,
				14EEDEB61F962EAA00BE3DB5 /* LNPhotoPreviewViewController.m */,
			);
			path = controller;
			sourceTree = "<group>";
		};
		146752B11F933865009D4DB2 /* model */ = {
			isa = PBXGroup;
			children = (
				14E293F21F935EB900F72914 /* LAlbumListModel.h */,
				14E293F31F935EB900F72914 /* LAlbumListModel.m */,
				14E293F51F935ECA00F72914 /* LPhotoSmartModel.h */,
				14E293F61F935ECA00F72914 /* LPhotoSmartModel.m */,
				14EEDEBB1F962F5300BE3DB5 /* LNPhotoPreviewBigCell.h */,
				14EEDEBC1F962F5300BE3DB5 /* LNPhotoPreviewBigCell.m */,
				14EEDEBD1F962F5300BE3DB5 /* LNPhotoPreviewBigCell.xib */,
				14EEDEC01F96382000BE3DB5 /* LNPhotoPreviewModel.h */,
				14EEDEC11F96382000BE3DB5 /* LNPhotoPreviewModel.m */,
			);
			path = model;
			sourceTree = "<group>";
		};
		146752B21F933865009D4DB2 /* view */ = {
			isa = PBXGroup;
			children = (
				14E293DF1F93431100F72914 /* LAlubumListCell.h */,
				14E293E01F93437900F72914 /* LAlubumListCell.m */,
				14E293E11F93437900F72914 /* LAlubumListCell.xib */,
				14E293ED1F9359B300F72914 /* LPhotoSmartCell.h */,
				14E293EE1F9359B300F72914 /* LPhotoSmartCell.m */,
				14E293EF1F9359B300F72914 /* LPhotoSmartCell.xib */,
			);
			path = view;
			sourceTree = "<group>";
		};
		146752B31F933865009D4DB2 /* viewModel */ = {
			isa = PBXGroup;
			children = (
				146752B51F9338E1009D4DB2 /* LAlbumListDelegateModel.h */,
				146752B61F9338E1009D4DB2 /* LAlbumListDelegateModel.m */,
				146752B81F933C9A009D4DB2 /* LAlbumViewModel.h */,
				146752B91F933C9A009D4DB2 /* LAlbumViewModel.m */,
				14E293E71F93593E00F72914 /* LPhotoSmartDelegateModel.h */,
				14E293E81F93593E00F72914 /* LPhotoSmartDelegateModel.m */,
				14E293EA1F93595B00F72914 /* LPhotoSmartViewModel.h */,
				14E293EB1F93595B00F72914 /* LPhotoSmartViewModel.m */,
				14EEDEB81F962EE900BE3DB5 /* LNPhotoPreviewDelegateModel.h */,
				14EEDEB91F962EE900BE3DB5 /* LNPhotoPreviewDelegateModel.m */,
			);
			path = viewModel;
			sourceTree = "<group>";
		};
		14E3725A1F2DD88300523A13 = {
			isa = PBXGroup;
			children = (
				14E372651F2DD88300523A13 /* GCDDemo */,
				14E372821F2DD88300523A13 /* GCDDemoUITests */,
				14E372641F2DD88300523A13 /* Products */,
				FB3D95B952A142840D6AE1CE /* Pods */,
				FAE0AAC718D5F83C74A5325D /* Frameworks */,
			);
			sourceTree = "<group>";
		};
		14E372641F2DD88300523A13 /* Products */ = {
			isa = PBXGroup;
			children = (
				14E372631F2DD88300523A13 /* GCDDemo.app */,
				14E3727F1F2DD88300523A13 /* GCDDemoUITests.xctest */,
			);
			name = Products;
			sourceTree = "<group>";
		};
		14E372651F2DD88300523A13 /* GCDDemo */ = {
			isa = PBXGroup;
			children = (
				1467529F1F933044009D4DB2 /* PhotoLibrary */,
				145150121F66966900440A2B /* DataBase */,
				1451500E1F66857B00440A2B /* Category */,
				14514FEB1F66855500440A2B /* Business */,
				14514FDE1F6680F200440A2B /* NetWork */,
				14514FE11F6680F200440A2B /* Other */,
				14514FD21F66805A00440A2B /* BaseClass */,
				14514FC11F66718D00440A2B /* Start */,
				14E372951F31E04F00523A13 /* HeaderFile */,
				14E3726F1F2DD88300523A13 /* Main.storyboard */,
				14E372751F2DD88300523A13 /* Assets.xcassets */,
				14E372771F2DD88300523A13 /* LaunchScreen.storyboard */,
				14E3727A1F2DD88300523A13 /* Info.plist */,
				14E372721F2DD88300523A13 /* GCDDemo.xcdatamodeld */,
				14E372661F2DD88300523A13 /* Supporting Files */,
			);
			path = GCDDemo;
			sourceTree = "<group>";
		};
		14E372661F2DD88300523A13 /* Supporting Files */ = {
			isa = PBXGroup;
			children = (
				14E372671F2DD88300523A13 /* main.m */,
				14E3728E1F2E07A100523A13 /* GCDDemo-Prefix.pch */,
			);
			name = "Supporting Files";
			sourceTree = "<group>";
		};
		14E372821F2DD88300523A13 /* GCDDemoUITests */ = {
			isa = PBXGroup;
			children = (
				14E372831F2DD88300523A13 /* GCDDemoUITests.m */,
				14E372851F2DD88300523A13 /* Info.plist */,
			);
			path = GCDDemoUITests;
			sourceTree = "<group>";
		};
		14E372951F31E04F00523A13 /* HeaderFile */ = {
			isa = PBXGroup;
			children = (
				14E372961F31E06A00523A13 /* GCDDemoHeader.h */,
			);
			path = HeaderFile;
			sourceTree = "<group>";
		};
		D7E8F2FA204287EE003A2503 /* Tool */ = {
			isa = PBXGroup;
			children = (
				D7E8F2FB204287EE003A2503 /* LKAuthorizationModel.h */,
				D7E8F2FC204287EE003A2503 /* LKAuthorizationModel.m */,
			);
			path = Tool;
			sourceTree = "<group>";
		};
		FAE0AAC718D5F83C74A5325D /* Frameworks */ = {
			isa = PBXGroup;
			children = (
				495B6BE281BEE6213D94100F /* Pods_GCDDemo.framework */,
			);
			name = Frameworks;
			sourceTree = "<group>";
		};
		FB3D95B952A142840D6AE1CE /* Pods */ = {
			isa = PBXGroup;
			children = (
				C24737FB9D93121B7446DE97 /* Pods-GCDDemo.debug.xcconfig */,
				5BE4ECFC6EADCE4C87536C0C /* Pods-GCDDemo.release.xcconfig */,
			);
			name = Pods;
			sourceTree = "<group>";
		};
/* End PBXGroup section */

/* Begin PBXNativeTarget section */
		14E372621F2DD88300523A13 /* GCDDemo */ = {
			isa = PBXNativeTarget;
			buildConfigurationList = 14E372881F2DD88300523A13 /* Build configuration list for PBXNativeTarget "GCDDemo" */;
			buildPhases = (
				6C1BDCF806AB0FB25B9DC2DB /* [CP] Check Pods Manifest.lock */,
				14E3725F1F2DD88300523A13 /* Sources */,
				14E372601F2DD88300523A13 /* Frameworks */,
				14E372611F2DD88300523A13 /* Resources */,
				4D3C0BDF57D47875DC7A2ED1 /* [CP] Embed Pods Frameworks */,
				5702FD43F53BFE9BD69F74D2 /* [CP] Copy Pods Resources */,
			);
			buildRules = (
			);
			dependencies = (
			);
			name = GCDDemo;
			productName = GCDDemo;
			productReference = 14E372631F2DD88300523A13 /* GCDDemo.app */;
			productType = "com.apple.product-type.application";
		};
		14E3727E1F2DD88300523A13 /* GCDDemoUITests */ = {
			isa = PBXNativeTarget;
			buildConfigurationList = 14E3728B1F2DD88300523A13 /* Build configuration list for PBXNativeTarget "GCDDemoUITests" */;
			buildPhases = (
				14E3727B1F2DD88300523A13 /* Sources */,
				14E3727C1F2DD88300523A13 /* Frameworks */,
				14E3727D1F2DD88300523A13 /* Resources */,
			);
			buildRules = (
			);
			dependencies = (
				14E372811F2DD88300523A13 /* PBXTargetDependency */,
			);
			name = GCDDemoUITests;
			productName = GCDDemoUITests;
			productReference = 14E3727F1F2DD88300523A13 /* GCDDemoUITests.xctest */;
			productType = "com.apple.product-type.bundle.ui-testing";
		};
/* End PBXNativeTarget section */

/* Begin PBXProject section */
		14E3725B1F2DD88300523A13 /* Project object */ = {
			isa = PBXProject;
			attributes = {
				LastUpgradeCheck = 0830;
				ORGANIZATIONNAME = Mr.lai;
				TargetAttributes = {
					14E372621F2DD88300523A13 = {
						CreatedOnToolsVersion = 8.3.3;
						DevelopmentTeam = 47SM7VW8EJ;
						ProvisioningStyle = Automatic;
					};
					14E3727E1F2DD88300523A13 = {
						CreatedOnToolsVersion = 8.3.3;
						ProvisioningStyle = Automatic;
						TestTargetID = 14E372621F2DD88300523A13;
					};
				};
			};
			buildConfigurationList = 14E3725E1F2DD88300523A13 /* Build configuration list for PBXProject "GCDDemo" */;
			compatibilityVersion = "Xcode 3.2";
			developmentRegion = English;
			hasScannedForEncodings = 0;
			knownRegions = (
				en,
				Base,
			);
			mainGroup = 14E3725A1F2DD88300523A13;
			productRefGroup = 14E372641F2DD88300523A13 /* Products */;
			projectDirPath = "";
			projectRoot = "";
			targets = (
				14E372621F2DD88300523A13 /* GCDDemo */,
				14E3727E1F2DD88300523A13 /* GCDDemoUITests */,
			);
		};
/* End PBXProject section */

/* Begin PBXResourcesBuildPhase section */
		14E372611F2DD88300523A13 /* Resources */ = {
			isa = PBXResourcesBuildPhase;
			buildActionMask = 2147483647;
			files = (
				14EEDEBF1F962F5300BE3DB5 /* LNPhotoPreviewBigCell.xib in Resources */,
				14E372791F2DD88300523A13 /* LaunchScreen.storyboard in Resources */,
				14E372761F2DD88300523A13 /* Assets.xcassets in Resources */,
				14E293E31F93437900F72914 /* LAlubumListCell.xib in Resources */,
				14E372711F2DD88300523A13 /* Main.storyboard in Resources */,
				14E293F11F9359B300F72914 /* LPhotoSmartCell.xib in Resources */,
			);
			runOnlyForDeploymentPostprocessing = 0;
		};
		14E3727D1F2DD88300523A13 /* Resources */ = {
			isa = PBXResourcesBuildPhase;
			buildActionMask = 2147483647;
			files = (
			);
			runOnlyForDeploymentPostprocessing = 0;
		};
/* End PBXResourcesBuildPhase section */

/* Begin PBXShellScriptBuildPhase section */
		4D3C0BDF57D47875DC7A2ED1 /* [CP] Embed Pods Frameworks */ = {
			isa = PBXShellScriptBuildPhase;
			buildActionMask = 2147483647;
			files = (
			);
			inputPaths = (
			);
			name = "[CP] Embed Pods Frameworks";
			outputPaths = (
			);
			runOnlyForDeploymentPostprocessing = 0;
			shellPath = /bin/sh;
			shellScript = "\"${SRCROOT}/Pods/Target Support Files/Pods-GCDDemo/Pods-GCDDemo-frameworks.sh\"\n";
			showEnvVarsInLog = 0;
		};
		5702FD43F53BFE9BD69F74D2 /* [CP] Copy Pods Resources */ = {
			isa = PBXShellScriptBuildPhase;
			buildActionMask = 2147483647;
			files = (
			);
			inputPaths = (
			);
			name = "[CP] Copy Pods Resources";
			outputPaths = (
			);
			runOnlyForDeploymentPostprocessing = 0;
			shellPath = /bin/sh;
			shellScript = "\"${SRCROOT}/Pods/Target Support Files/Pods-GCDDemo/Pods-GCDDemo-resources.sh\"\n";
			showEnvVarsInLog = 0;
		};
		6C1BDCF806AB0FB25B9DC2DB /* [CP] Check Pods Manifest.lock */ = {
			isa = PBXShellScriptBuildPhase;
			buildActionMask = 2147483647;
			files = (
			);
			inputPaths = (
			);
			name = "[CP] Check Pods Manifest.lock";
			outputPaths = (
			);
			runOnlyForDeploymentPostprocessing = 0;
			shellPath = /bin/sh;
			shellScript = "diff \"${PODS_PODFILE_DIR_PATH}/Podfile.lock\" \"${PODS_ROOT}/Manifest.lock\" > /dev/null\nif [ $? != 0 ] ; then\n    # print error to STDERR\n    echo \"error: The sandbox is not in sync with the Podfile.lock. Run 'pod install' or update your CocoaPods installation.\" >&2\n    exit 1\nfi\n";
			showEnvVarsInLog = 0;
		};
/* End PBXShellScriptBuildPhase section */

/* Begin PBXSourcesBuildPhase section */
		14E3725F1F2DD88300523A13 /* Sources */ = {
			isa = PBXSourcesBuildPhase;
			buildActionMask = 2147483647;
			files = (
				146752A81F93376A009D4DB2 /* LBaseCollectionDelegateModel.m in Sources */,
				14E293F01F9359B300F72914 /* LPhotoSmartCell.m in Sources */,
				1451500C1F66855500440A2B /* LNNetLoadViewController.m in Sources */,
				14514FE91F6680F200440A2B /* MBManager.m in Sources */,
				14EEDEBA1F962EE900BE3DB5 /* LNPhotoPreviewDelegateModel.m in Sources */,
				14514FDB1F66805A00440A2B /* LNNavigationController.m in Sources */,
				1451500D1F66855500440A2B /* LNRacTestViewController.m in Sources */,
				14E293F41F935EB900F72914 /* LAlbumListModel.m in Sources */,
				145150091F66855500440A2B /* GCDHander.m in Sources */,
				14CEFD4A1F72C5B300778789 /* LNRacTestTwoModel.m in Sources */,
				D7E8F2FD204287EE003A2503 /* LKAuthorizationModel.m in Sources */,
				146752A21F933066009D4DB2 /* LPhotoLibiraryManager.m in Sources */,
				14514FC71F6671AB00440A2B /* LNStartViewController.m in Sources */,
				14514FE71F6680F200440A2B /* LNHttpManager.m in Sources */,
				14CEFD841F78070F00778789 /* UINavigationController+DirectPop.m in Sources */,
				14514FDA1F66805A00440A2B /* LNBaseViewController.m in Sources */,
				14EEDEC21F96382000BE3DB5 /* LNPhotoPreviewModel.m in Sources */,
				146752B71F9338E1009D4DB2 /* LAlbumListDelegateModel.m in Sources */,
				14E293E61F93590A00F72914 /* LNPhotoSmartViewController.m in Sources */,
				146752BA1F933C9A009D4DB2 /* LAlbumViewModel.m in Sources */,
				146752B41F933865009D4DB2 /* LNAlbumListViewController.m in Sources */,
				14EEDEB71F962EAA00BE3DB5 /* LNPhotoPreviewViewController.m in Sources */,
				14CEFD471F72C58D00778789 /* LNRacTestTwoViewController.m in Sources */,
				14E293E91F93593E00F72914 /* LPhotoSmartDelegateModel.m in Sources */,
				142BEB461F6696E8002B5D82 /* LNDataBaseManager.m in Sources */,
				14514FE81F6680F200440A2B /* LNMBProgressHUD.m in Sources */,
				14E372681F2DD88300523A13 /* main.m in Sources */,
				14E293E21F93437900F72914 /* LAlubumListCell.m in Sources */,
				14EEDEBE1F962F5300BE3DB5 /* LNPhotoPreviewBigCell.m in Sources */,
				14E293F71F935ECA00F72914 /* LPhotoSmartModel.m in Sources */,
				14E372741F2DD88300523A13 /* GCDDemo.xcdatamodeld in Sources */,
				145150081F66855500440A2B /* CFunctionHander.m in Sources */,
				145150111F66860100440A2B /* LNTabBarViewController.m in Sources */,
				14514FC41F66718D00440A2B /* AppDelegate.m in Sources */,
				14E293EC1F93595B00F72914 /* LPhotoSmartViewModel.m in Sources */,
				14CEFD4D1F72CD0B00778789 /* LNDelegateModel.m in Sources */,
				145150071F66855500440A2B /* LNGCDTestViewController.m in Sources */,
				146752A91F93376A009D4DB2 /* LBaseTableDelegateModel.m in Sources */,
				1451500A1F66855500440A2B /* OperationHander.m in Sources */,
				1451500B1F66855500440A2B /* RunLoopHander.m in Sources */,
			);
			runOnlyForDeploymentPostprocessing = 0;
		};
		14E3727B1F2DD88300523A13 /* Sources */ = {
			isa = PBXSourcesBuildPhase;
			buildActionMask = 2147483647;
			files = (
				14E372841F2DD88300523A13 /* GCDDemoUITests.m in Sources */,
			);
			runOnlyForDeploymentPostprocessing = 0;
		};
/* End PBXSourcesBuildPhase section */

/* Begin PBXTargetDependency section */
		14E372811F2DD88300523A13 /* PBXTargetDependency */ = {
			isa = PBXTargetDependency;
			target = 14E372621F2DD88300523A13 /* GCDDemo */;
			targetProxy = 14E372801F2DD88300523A13 /* PBXContainerItemProxy */;
		};
/* End PBXTargetDependency section */

/* Begin PBXVariantGroup section */
		14E3726F1F2DD88300523A13 /* Main.storyboard */ = {
			isa = PBXVariantGroup;
			children = (
				14E372701F2DD88300523A13 /* Base */,
			);
			name = Main.storyboard;
			sourceTree = "<group>";
		};
		14E372771F2DD88300523A13 /* LaunchScreen.storyboard */ = {
			isa = PBXVariantGroup;
			children = (
				14E372781F2DD88300523A13 /* Base */,
			);
			name = LaunchScreen.storyboard;
			sourceTree = "<group>";
		};
/* End PBXVariantGroup section */

/* Begin XCBuildConfiguration section */
		14E372861F2DD88300523A13 /* Debug */ = {
			isa = XCBuildConfiguration;
			buildSettings = {
				ALWAYS_SEARCH_USER_PATHS = NO;
				CLANG_ANALYZER_NONNULL = YES;
				CLANG_ANALYZER_NUMBER_OBJECT_CONVERSION = YES_AGGRESSIVE;
				CLANG_CXX_LANGUAGE_STANDARD = "gnu++0x";
				CLANG_CXX_LIBRARY = "libc++";
				CLANG_ENABLE_MODULES = YES;
				CLANG_ENABLE_OBJC_ARC = YES;
				CLANG_WARN_BOOL_CONVERSION = YES;
				CLANG_WARN_CONSTANT_CONVERSION = YES;
				CLANG_WARN_DIRECT_OBJC_ISA_USAGE = YES_ERROR;
				CLANG_WARN_DOCUMENTATION_COMMENTS = YES;
				CLANG_WARN_EMPTY_BODY = YES;
				CLANG_WARN_ENUM_CONVERSION = YES;
				CLANG_WARN_INFINITE_RECURSION = YES;
				CLANG_WARN_INT_CONVERSION = YES;
				CLANG_WARN_OBJC_ROOT_CLASS = YES_ERROR;
				CLANG_WARN_SUSPICIOUS_MOVE = YES;
				CLANG_WARN_UNREACHABLE_CODE = YES;
				CLANG_WARN__DUPLICATE_METHOD_MATCH = YES;
				"CODE_SIGN_IDENTITY[sdk=iphoneos*]" = "iPhone Developer";
				COPY_PHASE_STRIP = NO;
				DEBUG_INFORMATION_FORMAT = dwarf;
				ENABLE_STRICT_OBJC_MSGSEND = YES;
				ENABLE_TESTABILITY = YES;
				GCC_C_LANGUAGE_STANDARD = gnu99;
				GCC_DYNAMIC_NO_PIC = NO;
				GCC_NO_COMMON_BLOCKS = YES;
				GCC_OPTIMIZATION_LEVEL = 0;
				GCC_PREPROCESSOR_DEFINITIONS = (
					"DEBUG=1",
					"$(inherited)",
				);
				GCC_WARN_64_TO_32_BIT_CONVERSION = YES;
				GCC_WARN_ABOUT_RETURN_TYPE = YES_ERROR;
				GCC_WARN_UNDECLARED_SELECTOR = YES;
				GCC_WARN_UNINITIALIZED_AUTOS = YES_AGGRESSIVE;
				GCC_WARN_UNUSED_FUNCTION = YES;
				GCC_WARN_UNUSED_VARIABLE = YES;
				IPHONEOS_DEPLOYMENT_TARGET = 10.3;
				MTL_ENABLE_DEBUG_INFO = YES;
				ONLY_ACTIVE_ARCH = YES;
				SDKROOT = iphoneos;
			};
			name = Debug;
		};
		14E372871F2DD88300523A13 /* Release */ = {
			isa = XCBuildConfiguration;
			buildSettings = {
				ALWAYS_SEARCH_USER_PATHS = NO;
				CLANG_ANALYZER_NONNULL = YES;
				CLANG_ANALYZER_NUMBER_OBJECT_CONVERSION = YES_AGGRESSIVE;
				CLANG_CXX_LANGUAGE_STANDARD = "gnu++0x";
				CLANG_CXX_LIBRARY = "libc++";
				CLANG_ENABLE_MODULES = YES;
				CLANG_ENABLE_OBJC_ARC = YES;
				CLANG_WARN_BOOL_CONVERSION = YES;
				CLANG_WARN_CONSTANT_CONVERSION = YES;
				CLANG_WARN_DIRECT_OBJC_ISA_USAGE = YES_ERROR;
				CLANG_WARN_DOCUMENTATION_COMMENTS = YES;
				CLANG_WARN_EMPTY_BODY = YES;
				CLANG_WARN_ENUM_CONVERSION = YES;
				CLANG_WARN_INFINITE_RECURSION = YES;
				CLANG_WARN_INT_CONVERSION = YES;
				CLANG_WARN_OBJC_ROOT_CLASS = YES_ERROR;
				CLANG_WARN_SUSPICIOUS_MOVE = YES;
				CLANG_WARN_UNREACHABLE_CODE = YES;
				CLANG_WARN__DUPLICATE_METHOD_MATCH = YES;
				"CODE_SIGN_IDENTITY[sdk=iphoneos*]" = "iPhone Developer";
				COPY_PHASE_STRIP = NO;
				DEBUG_INFORMATION_FORMAT = "dwarf-with-dsym";
				ENABLE_NS_ASSERTIONS = NO;
				ENABLE_STRICT_OBJC_MSGSEND = YES;
				GCC_C_LANGUAGE_STANDARD = gnu99;
				GCC_NO_COMMON_BLOCKS = YES;
				GCC_WARN_64_TO_32_BIT_CONVERSION = YES;
				GCC_WARN_ABOUT_RETURN_TYPE = YES_ERROR;
				GCC_WARN_UNDECLARED_SELECTOR = YES;
				GCC_WARN_UNINITIALIZED_AUTOS = YES_AGGRESSIVE;
				GCC_WARN_UNUSED_FUNCTION = YES;
				GCC_WARN_UNUSED_VARIABLE = YES;
				IPHONEOS_DEPLOYMENT_TARGET = 10.3;
				MTL_ENABLE_DEBUG_INFO = NO;
				SDKROOT = iphoneos;
				VALIDATE_PRODUCT = YES;
			};
			name = Release;
		};
		14E372891F2DD88300523A13 /* Debug */ = {
			isa = XCBuildConfiguration;
			baseConfigurationReference = C24737FB9D93121B7446DE97 /* Pods-GCDDemo.debug.xcconfig */;
			buildSettings = {
				ASSETCATALOG_COMPILER_APPICON_NAME = AppIcon;
				DEVELOPMENT_TEAM = 47SM7VW8EJ;
				GCC_PRECOMPILE_PREFIX_HEADER = YES;
				GCC_PREFIX_HEADER = "GCDDemo/GCDDemo-Prefix.pch";
				INFOPLIST_FILE = GCDDemo/Info.plist;
				LD_RUNPATH_SEARCH_PATHS = "$(inherited) @executable_path/Frameworks";
				PRODUCT_BUNDLE_IDENTIFIER = LGH.GCDDemo;
				PRODUCT_NAME = "$(TARGET_NAME)";
			};
			name = Debug;
		};
		14E3728A1F2DD88300523A13 /* Release */ = {
			isa = XCBuildConfiguration;
			baseConfigurationReference = 5BE4ECFC6EADCE4C87536C0C /* Pods-GCDDemo.release.xcconfig */;
			buildSettings = {
				ASSETCATALOG_COMPILER_APPICON_NAME = AppIcon;
				DEVELOPMENT_TEAM = 47SM7VW8EJ;
				GCC_PRECOMPILE_PREFIX_HEADER = YES;
				GCC_PREFIX_HEADER = "GCDDemo/GCDDemo-Prefix.pch";
				INFOPLIST_FILE = GCDDemo/Info.plist;
				LD_RUNPATH_SEARCH_PATHS = "$(inherited) @executable_path/Frameworks";
				PRODUCT_BUNDLE_IDENTIFIER = LGH.GCDDemo;
				PRODUCT_NAME = "$(TARGET_NAME)";
			};
			name = Release;
		};
		14E3728C1F2DD88300523A13 /* Debug */ = {
			isa = XCBuildConfiguration;
			buildSettings = {
				INFOPLIST_FILE = GCDDemoUITests/Info.plist;
				LD_RUNPATH_SEARCH_PATHS = "$(inherited) @executable_path/Frameworks @loader_path/Frameworks";
				PRODUCT_BUNDLE_IDENTIFIER = LGH.GCDDemoUITests;
				PRODUCT_NAME = "$(TARGET_NAME)";
				TEST_TARGET_NAME = GCDDemo;
			};
			name = Debug;
		};
		14E3728D1F2DD88300523A13 /* Release */ = {
			isa = XCBuildConfiguration;
			buildSettings = {
				INFOPLIST_FILE = GCDDemoUITests/Info.plist;
				LD_RUNPATH_SEARCH_PATHS = "$(inherited) @executable_path/Frameworks @loader_path/Frameworks";
				PRODUCT_BUNDLE_IDENTIFIER = LGH.GCDDemoUITests;
				PRODUCT_NAME = "$(TARGET_NAME)";
				TEST_TARGET_NAME = GCDDemo;
			};
			name = Release;
		};
/* End XCBuildConfiguration section */

/* Begin XCConfigurationList section */
		14E3725E1F2DD88300523A13 /* Build configuration list for PBXProject "GCDDemo" */ = {
			isa = XCConfigurationList;
			buildConfigurations = (
				14E372861F2DD88300523A13 /* Debug */,
				14E372871F2DD88300523A13 /* Release */,
			);
			defaultConfigurationIsVisible = 0;
			defaultConfigurationName = Release;
		};
		14E372881F2DD88300523A13 /* Build configuration list for PBXNativeTarget "GCDDemo" */ = {
			isa = XCConfigurationList;
			buildConfigurations = (
				14E372891F2DD88300523A13 /* Debug */,
				14E3728A1F2DD88300523A13 /* Release */,
			);
			defaultConfigurationIsVisible = 0;
			defaultConfigurationName = Release;
		};
		14E3728B1F2DD88300523A13 /* Build configuration list for PBXNativeTarget "GCDDemoUITests" */ = {
			isa = XCConfigurationList;
			buildConfigurations = (
				14E3728C1F2DD88300523A13 /* Debug */,
				14E3728D1F2DD88300523A13 /* Release */,
			);
			defaultConfigurationIsVisible = 0;
			defaultConfigurationName = Release;
		};
/* End XCConfigurationList section */

/* Begin XCVersionGroup section */
		14E372721F2DD88300523A13 /* GCDDemo.xcdatamodeld */ = {
			isa = XCVersionGroup;
			children = (
				14E372731F2DD88300523A13 /* GCDDemo.xcdatamodel */,
			);
			currentVersion = 14E372731F2DD88300523A13 /* GCDDemo.xcdatamodel */;
			path = GCDDemo.xcdatamodeld;
			sourceTree = "<group>";
			versionGroupType = wrapper.xcdatamodel;
		};
/* End XCVersionGroup section */
	};
	rootObject = 14E3725B1F2DD88300523A13 /* Project object */;
}
